
Microsoft Visual Studio Solution File, Format Version 12.00
# Visual Studio Version 16
VisualStudioVersion = 16.0.31729.503
MinimumVisualStudioVersion = 10.0.40219.1
Project("{FAE04EC0-301F-11D3-BF4B-00C04F79EFBC}") = "Student_Questions_Web", "Student_Questions_Web\Student_Questions_Web.csproj", "{CF76F7BA-ECD8-46BB-BF9F-AD20E04030D1}"
EndProject
Global
	GlobalSection(SolutionConfigurationPlatforms) = preSolution
		Debug|Any CPU = Debug|Any CPU
		Release|Any CPU = Release|Any CPU
	EndGlobalSection
	GlobalSection(ProjectConfigurationPlatforms) = postSolution
		{CF76F7BA-ECD8-46BB-BF9F-AD20E04030D1}.Debug|Any CPU.ActiveCfg = Debug|Any CPU
		{CF76F7BA-ECD8-46BB-BF9F-AD20E04030D1}.Debug|Any CPU.Build.0 = Debug|Any CPU
		{CF76F7BA-ECD8-46BB-BF9F-AD20E04030D1}.Release|Any CPU.ActiveCfg = Release|Any CPU
		{CF76F7BA-ECD8-46BB-BF9F-AD20E04030D1}.Release|Any CPU.Build.0 = Release|Any CPU
	EndGlobalSection
	GlobalSection(SolutionProperties) = preSolution
		HideSolutionNode = FALSE
	EndGlobalSection
	GlobalSection(ExtensibilityGlobals) = postSolution
		SolutionGuid = {D226C983-3815-4539-90B9-E45FFF28D941}
	EndGlobalSection
EndGlobal
